
Microsoft Visual Studio Solution File, Format Version 12.00
# Visual Studio Version 17
VisualStudioVersion = 17.5.002.0
MinimumVisualStudioVersion = 10.0.40219.1
Project("{9A19103F-16F7-4668-BE54-9A1E7A4F7556}") = "app", "app.csproj", "{5EAD6BDF-605F-46C4-BE5D-638AB3916233}"
EndProject
Global
	GlobalSection(SolutionConfigurationPlatforms) = preSolution
		Debug|Any CPU = Debug|Any CPU
		Release|Any CPU = Release|Any CPU
	EndGlobalSection
	GlobalSection(ProjectConfigurationPlatforms) = postSolution
		{5EAD6BDF-605F-46C4-BE5D-638AB3916233}.Debug|Any CPU.ActiveCfg = Debug|Any CPU
		{5EAD6BDF-605F-46C4-BE5D-638AB3916233}.Debug|Any CPU.Build.0 = Debug|Any CPU
		{5EAD6BDF-605F-46C4-BE5D-638AB3916233}.Release|Any CPU.ActiveCfg = Release|Any CPU
		{5EAD6BDF-605F-46C4-BE5D-638AB3916233}.Release|Any CPU.Build.0 = Release|Any CPU
	EndGlobalSection
	GlobalSection(SolutionProperties) = preSolution
		HideSolutionNode = FALSE
	EndGlobalSection
	GlobalSection(ExtensibilityGlobals) = postSolution
		SolutionGuid = {04E65763-8309-4E10-8576-669DDEE2B081}
	EndGlobalSection
EndGlobal
